
Microsoft Visual Studio Solution File, Format Version 12.00
# Visual Studio Version 16
VisualStudioVersion = 16.0.30804.86
MinimumVisualStudioVersion = 10.0.40219.1
Project("{9A19103F-16F7-4668-BE54-9A1E7A4F7556}") = "CalculoCobranca.TaxaJuro.Api", "src\CalculoCobranca.TaxaJuro.Api\CalculoCobranca.TaxaJuro.Api.csproj", "{C5D431B2-35E3-43B5-9DDA-5318A8EB0674}"
EndProject
Project("{9A19103F-16F7-4668-BE54-9A1E7A4F7556}") = "CalculoCobranca.CalculaJuro.Api", "src\CalculoCobranca.CalculaJuro.Api\CalculoCobranca.CalculaJuro.Api.csproj", "{CFA171DB-BE83-4FB0-B2E8-9DB7B778113D}"
EndProject
Project("{2150E333-8FDC-42A3-9474-1A3956D46DE8}") = "Calculo de Juro", "Calculo de Juro", "{4F71D462-7293-47EE-B190-F0E063663886}"
EndProject
Project("{2150E333-8FDC-42A3-9474-1A3956D46DE8}") = "Taxa de Juro", "Taxa de Juro", "{54526BAB-0E2A-4F31-87D2-585B355684A8}"
EndProject
Project("{FAE04EC0-301F-11D3-BF4B-00C04F79EFBC}") = "CalculoCobranca.CalculaJuro.Api.Test", "test\CalculoCobranca.CalculaJuro.Api.Test\CalculoCobranca.CalculaJuro.Api.Test.csproj", "{353A3547-8CF2-4FCA-B302-B47B1A58DB14}"
EndProject
Global
	GlobalSection(SolutionConfigurationPlatforms) = preSolution
		Debug|Any CPU = Debug|Any CPU
		Release|Any CPU = Release|Any CPU
	EndGlobalSection
	GlobalSection(ProjectConfigurationPlatforms) = postSolution
		{C5D431B2-35E3-43B5-9DDA-5318A8EB0674}.Debug|Any CPU.ActiveCfg = Debug|Any CPU
		{C5D431B2-35E3-43B5-9DDA-5318A8EB0674}.Debug|Any CPU.Build.0 = Debug|Any CPU
		{C5D431B2-35E3-43B5-9DDA-5318A8EB0674}.Release|Any CPU.ActiveCfg = Release|Any CPU
		{C5D431B2-35E3-43B5-9DDA-5318A8EB0674}.Release|Any CPU.Build.0 = Release|Any CPU
		{CFA171DB-BE83-4FB0-B2E8-9DB7B778113D}.Debug|Any CPU.ActiveCfg = Debug|Any CPU
		{CFA171DB-BE83-4FB0-B2E8-9DB7B778113D}.Debug|Any CPU.Build.0 = Debug|Any CPU
		{CFA171DB-BE83-4FB0-B2E8-9DB7B778113D}.Release|Any CPU.ActiveCfg = Release|Any CPU
		{CFA171DB-BE83-4FB0-B2E8-9DB7B778113D}.Release|Any CPU.Build.0 = Release|Any CPU
		{353A3547-8CF2-4FCA-B302-B47B1A58DB14}.Debug|Any CPU.ActiveCfg = Debug|Any CPU
		{353A3547-8CF2-4FCA-B302-B47B1A58DB14}.Debug|Any CPU.Build.0 = Debug|Any CPU
		{353A3547-8CF2-4FCA-B302-B47B1A58DB14}.Release|Any CPU.ActiveCfg = Release|Any CPU
		{353A3547-8CF2-4FCA-B302-B47B1A58DB14}.Release|Any CPU.Build.0 = Release|Any CPU
	EndGlobalSection
	GlobalSection(SolutionProperties) = preSolution
		HideSolutionNode = FALSE
	EndGlobalSection
	GlobalSection(NestedProjects) = preSolution
		{C5D431B2-35E3-43B5-9DDA-5318A8EB0674} = {54526BAB-0E2A-4F31-87D2-585B355684A8}
		{CFA171DB-BE83-4FB0-B2E8-9DB7B778113D} = {4F71D462-7293-47EE-B190-F0E063663886}
		{353A3547-8CF2-4FCA-B302-B47B1A58DB14} = {4F71D462-7293-47EE-B190-F0E063663886}
	EndGlobalSection
	GlobalSection(ExtensibilityGlobals) = postSolution
		SolutionGuid = {79115460-E584-4412-8680-6B82C61931E3}
	EndGlobalSection
EndGlobal
